
Microsoft Visual Studio Solution File, Format Version 12.00
# Visual Studio Version 17
VisualStudioVersion = 17.11.35312.102
MinimumVisualStudioVersion = 10.0.40219.1
Project("{FAE04EC0-301F-11D3-BF4B-00C04F79EFBC}") = "P3_1HelloWorld", "P3_1HelloWorld\P3_1HelloWorld.csproj", "{7D12E39E-D651-4474-AA88-15FD7DFB091E}"
EndProject
Global
	GlobalSection(SolutionConfigurationPlatforms) = preSolution
		Debug|Any CPU = Debug|Any CPU
		Release|Any CPU = Release|Any CPU
	EndGlobalSection
	GlobalSection(ProjectConfigurationPlatforms) = postSolution
		{7D12E39E-D651-4474-AA88-15FD7DFB091E}.Debug|Any CPU.ActiveCfg = Debug|Any CPU
		{7D12E39E-D651-4474-AA88-15FD7DFB091E}.Debug|Any CPU.Build.0 = Debug|Any CPU
		{7D12E39E-D651-4474-AA88-15FD7DFB091E}.Release|Any CPU.ActiveCfg = Release|Any CPU
		{7D12E39E-D651-4474-AA88-15FD7DFB091E}.Release|Any CPU.Build.0 = Release|Any CPU
	EndGlobalSection
	GlobalSection(SolutionProperties) = preSolution
		HideSolutionNode = FALSE
	EndGlobalSection
	GlobalSection(ExtensibilityGlobals) = postSolution
		SolutionGuid = {9F378347-4DD8-4BFF-B99C-C6DAD50106BC}
	EndGlobalSection
EndGlobal
