
Microsoft Visual Studio Solution File, Format Version 12.00
# Visual Studio Version 17
VisualStudioVersion = 17.11.35312.102
MinimumVisualStudioVersion = 10.0.40219.1
Project("{FAE04EC0-301F-11D3-BF4B-00C04F79EFBC}") = "P3_3OpenDoor", "P3_3OpenDoor\P3_3OpenDoor.csproj", "{A1690E58-9FC8-4322-961D-11A54654DA6E}"
EndProject
Global
	GlobalSection(SolutionConfigurationPlatforms) = preSolution
		Debug|Any CPU = Debug|Any CPU
		Release|Any CPU = Release|Any CPU
	EndGlobalSection
	GlobalSection(ProjectConfigurationPlatforms) = postSolution
		{A1690E58-9FC8-4322-961D-11A54654DA6E}.Debug|Any CPU.ActiveCfg = Debug|Any CPU
		{A1690E58-9FC8-4322-961D-11A54654DA6E}.Debug|Any CPU.Build.0 = Debug|Any CPU
		{A1690E58-9FC8-4322-961D-11A54654DA6E}.Release|Any CPU.ActiveCfg = Release|Any CPU
		{A1690E58-9FC8-4322-961D-11A54654DA6E}.Release|Any CPU.Build.0 = Release|Any CPU
	EndGlobalSection
	GlobalSection(SolutionProperties) = preSolution
		HideSolutionNode = FALSE
	EndGlobalSection
	GlobalSection(ExtensibilityGlobals) = postSolution
		SolutionGuid = {DA2DB5B6-1B16-4C82-8B86-502CCC8573D9}
	EndGlobalSection
EndGlobal
