
Microsoft Visual Studio Solution File, Format Version 12.00
# Visual Studio Version 17
VisualStudioVersion = 17.11.35312.102
MinimumVisualStudioVersion = 10.0.40219.1
Project("{FAE04EC0-301F-11D3-BF4B-00C04F79EFBC}") = "P2_1PlayerGold", "P2_1PlayerGold\P2_1PlayerGold.csproj", "{0CD77295-567B-4F81-99A3-A5328C734690}"
EndProject
Global
	GlobalSection(SolutionConfigurationPlatforms) = preSolution
		Debug|Any CPU = Debug|Any CPU
		Release|Any CPU = Release|Any CPU
	EndGlobalSection
	GlobalSection(ProjectConfigurationPlatforms) = postSolution
		{0CD77295-567B-4F81-99A3-A5328C734690}.Debug|Any CPU.ActiveCfg = Debug|Any CPU
		{0CD77295-567B-4F81-99A3-A5328C734690}.Debug|Any CPU.Build.0 = Debug|Any CPU
		{0CD77295-567B-4F81-99A3-A5328C734690}.Release|Any CPU.ActiveCfg = Release|Any CPU
		{0CD77295-567B-4F81-99A3-A5328C734690}.Release|Any CPU.Build.0 = Release|Any CPU
	EndGlobalSection
	GlobalSection(SolutionProperties) = preSolution
		HideSolutionNode = FALSE
	EndGlobalSection
	GlobalSection(ExtensibilityGlobals) = postSolution
		SolutionGuid = {D1D740AE-B0CA-4689-A9C3-2C2E6571E83D}
	EndGlobalSection
EndGlobal
